// !$*UTF8*$!
{
	archiveVersion = 1;
	classes = {
	};
	objectVersion = 50;
	objects = {

/* Begin PBXBuildFile section */
		B61CAC8022D39F310023F121 /* AppDelegate.swift in Sources */ = {isa = PBXBuildFile; fileRef = B61CAC7F22D39F310023F121 /* AppDelegate.swift */; };
		B61CAC8522D39F310023F121 /* Main.storyboard in Resources */ = {isa = PBXBuildFile; fileRef = B61CAC8322D39F310023F121 /* Main.storyboard */; };
		B61CAC8722D39F330023F121 /* Assets.xcassets in Resources */ = {isa = PBXBuildFile; fileRef = B61CAC8622D39F330023F121 /* Assets.xcassets */; };
		B61CAC8A22D39F330023F121 /* LaunchScreen.storyboard in Resources */ = {isa = PBXBuildFile; fileRef = B61CAC8822D39F330023F121 /* LaunchScreen.storyboard */; };
		B61CACA822D3A25B0023F121 /* Endpoints.swift in Sources */ = {isa = PBXBuildFile; fileRef = B61CACA722D3A25B0023F121 /* Endpoints.swift */; };
		B61CACAA22D3A2FC0023F121 /* PostDetailPresenter.swift in Sources */ = {isa = PBXBuildFile; fileRef = B61CACA922D3A2FC0023F121 /* PostDetailPresenter.swift */; };
		B61CACAC22D3A3280023F121 /* PostDetailViewProtocol.swift in Sources */ = {isa = PBXBuildFile; fileRef = B61CACAB22D3A3280023F121 /* PostDetailViewProtocol.swift */; };
		B61CACAE22D3A3590023F121 /* PostModel.swift in Sources */ = {isa = PBXBuildFile; fileRef = B61CACAD22D3A3590023F121 /* PostModel.swift */; };
		B61CACB022D3A3870023F121 /* PostDetailView.swift in Sources */ = {isa = PBXBuildFile; fileRef = B61CACAF22D3A3870023F121 /* PostDetailView.swift */; };
		B61CACB222D3A3CB0023F121 /* PostDetailWireFrame.swift in Sources */ = {isa = PBXBuildFile; fileRef = B61CACB122D3A3CB0023F121 /* PostDetailWireFrame.swift */; };
		B61CACB622D3A6F10023F121 /* PostListInteractor.swift in Sources */ = {isa = PBXBuildFile; fileRef = B61CACB522D3A6F10023F121 /* PostListInteractor.swift */; };
		B61CACB822D3A73C0023F121 /* PostListPresenter.swift in Sources */ = {isa = PBXBuildFile; fileRef = B61CACB722D3A73C0023F121 /* PostListPresenter.swift */; };
		B61CACBA22D3A7620023F121 /* PostListProtocols.swift in Sources */ = {isa = PBXBuildFile; fileRef = B61CACB922D3A7620023F121 /* PostListProtocols.swift */; };
		B61CACBC22D3A79D0023F121 /* PostListView.swift in Sources */ = {isa = PBXBuildFile; fileRef = B61CACBB22D3A79D0023F121 /* PostListView.swift */; };
		B61CACBE22D3A7AB0023F121 /* PostTableViewCell.swift in Sources */ = {isa = PBXBuildFile; fileRef = B61CACBD22D3A7AB0023F121 /* PostTableViewCell.swift */; };
		B61CACC022D3A8210023F121 /* PostListWireFrame.swift in Sources */ = {isa = PBXBuildFile; fileRef = B61CACBF22D3A8210023F121 /* PostListWireFrame.swift */; };
		B61CACC222D3AA130023F121 /* PostListRemoteDataManager.swift in Sources */ = {isa = PBXBuildFile; fileRef = B61CACC122D3AA130023F121 /* PostListRemoteDataManager.swift */; };
		B61CACC622D3AB160023F121 /* PostListLocalDataManager.swift in Sources */ = {isa = PBXBuildFile; fileRef = B61CACC522D3AB160023F121 /* PostListLocalDataManager.swift */; };
		B61CACC922D3AB510023F121 /* CoreDataStore.swift in Sources */ = {isa = PBXBuildFile; fileRef = B61CACC822D3AB510023F121 /* CoreDataStore.swift */; };
		B61CACCD22D3AE480023F121 /* Post.swift in Sources */ = {isa = PBXBuildFile; fileRef = B61CACCC22D3AE480023F121 /* Post.swift */; };
		B61CACD222D3AEB00023F121 /* Default-568h@2x.png in Resources */ = {isa = PBXBuildFile; fileRef = B61CACD122D3AEB00023F121 /* Default-568h@2x.png */; };
		B61CACD622D3B0740023F121 /* RedditDataBase.xcdatamodeld in Sources */ = {isa = PBXBuildFile; fileRef = B61CACD322D3B01A0023F121 /* RedditDataBase.xcdatamodeld */; };
		B61CACD822D3B0E30023F121 /* PersistenceError.swift in Sources */ = {isa = PBXBuildFile; fileRef = B61CACD722D3B0E30023F121 /* PersistenceError.swift */; };
		B61CACDA22D3B1A80023F121 /* Post+CoreDataProperties.swift in Sources */ = {isa = PBXBuildFile; fileRef = B61CACCA22D3AE270023F121 /* Post+CoreDataProperties.swift */; };
/* End PBXBuildFile section */

/* Begin PBXFileReference section */
		B61CAC7C22D39F310023F121 /* TestProject.app */ = {isa = PBXFileReference; explicitFileType = wrapper.application; includeInIndex = 0; path = TestProject.app; sourceTree = BUILT_PRODUCTS_DIR; };
		B61CAC7F22D39F310023F121 /* AppDelegate.swift */ = {isa = PBXFileReference; lastKnownFileType = sourcecode.swift; path = AppDelegate.swift; sourceTree = "<group>"; };
		B61CAC8422D39F310023F121 /* Base */ = {isa = PBXFileReference; lastKnownFileType = file.storyboard; name = Base; path = Base.lproj/Main.storyboard; sourceTree = "<group>"; };
		B61CAC8622D39F330023F121 /* Assets.xcassets */ = {isa = PBXFileReference; lastKnownFileType = folder.assetcatalog; path = Assets.xcassets; sourceTree = "<group>"; };
		B61CAC8922D39F330023F121 /* Base */ = {isa = PBXFileReference; lastKnownFileType = file.storyboard; name = Base; path = Base.lproj/LaunchScreen.storyboard; sourceTree = "<group>"; };
		B61CAC8B22D39F330023F121 /* Info.plist */ = {isa = PBXFileReference; lastKnownFileType = text.plist.xml; path = Info.plist; sourceTree = "<group>"; };
		B61CACA722D3A25B0023F121 /* Endpoints.swift */ = {isa = PBXFileReference; lastKnownFileType = sourcecode.swift; path = Endpoints.swift; sourceTree = "<group>"; };
		B61CACA922D3A2FC0023F121 /* PostDetailPresenter.swift */ = {isa = PBXFileReference; lastKnownFileType = sourcecode.swift; path = PostDetailPresenter.swift; sourceTree = "<group>"; };
		B61CACAB22D3A3280023F121 /* PostDetailViewProtocol.swift */ = {isa = PBXFileReference; lastKnownFileType = sourcecode.swift; path = PostDetailViewProtocol.swift; sourceTree = "<group>"; };
		B61CACAD22D3A3590023F121 /* PostModel.swift */ = {isa = PBXFileReference; lastKnownFileType = sourcecode.swift; path = PostModel.swift; sourceTree = "<group>"; };
		B61CACAF22D3A3870023F121 /* PostDetailView.swift */ = {isa = PBXFileReference; lastKnownFileType = sourcecode.swift; path = PostDetailView.swift; sourceTree = "<group>"; };
		B61CACB122D3A3CB0023F121 /* PostDetailWireFrame.swift */ = {isa = PBXFileReference; lastKnownFileType = sourcecode.swift; path = PostDetailWireFrame.swift; sourceTree = "<group>"; };
		B61CACB522D3A6F10023F121 /* PostListInteractor.swift */ = {isa = PBXFileReference; lastKnownFileType = sourcecode.swift; path = PostListInteractor.swift; sourceTree = "<group>"; };
		B61CACB722D3A73C0023F121 /* PostListPresenter.swift */ = {isa = PBXFileReference; lastKnownFileType = sourcecode.swift; path = PostListPresenter.swift; sourceTree = "<group>"; };
		B61CACB922D3A7620023F121 /* PostListProtocols.swift */ = {isa = PBXFileReference; lastKnownFileType = sourcecode.swift; path = PostListProtocols.swift; sourceTree = "<group>"; };
		B61CACBB22D3A79D0023F121 /* PostListView.swift */ = {isa = PBXFileReference; lastKnownFileType = sourcecode.swift; path = PostListView.swift; sourceTree = "<group>"; };
		B61CACBD22D3A7AB0023F121 /* PostTableViewCell.swift */ = {isa = PBXFileReference; lastKnownFileType = sourcecode.swift; path = PostTableViewCell.swift; sourceTree = "<group>"; };
		B61CACBF22D3A8210023F121 /* PostListWireFrame.swift */ = {isa = PBXFileReference; lastKnownFileType = sourcecode.swift; path = PostListWireFrame.swift; sourceTree = "<group>"; };
		B61CACC122D3AA130023F121 /* PostListRemoteDataManager.swift */ = {isa = PBXFileReference; lastKnownFileType = sourcecode.swift; path = PostListRemoteDataManager.swift; sourceTree = "<group>"; };
		B61CACC522D3AB160023F121 /* PostListLocalDataManager.swift */ = {isa = PBXFileReference; lastKnownFileType = sourcecode.swift; path = PostListLocalDataManager.swift; sourceTree = "<group>"; };
		B61CACC822D3AB510023F121 /* CoreDataStore.swift */ = {isa = PBXFileReference; lastKnownFileType = sourcecode.swift; path = CoreDataStore.swift; sourceTree = "<group>"; };
		B61CACCA22D3AE270023F121 /* Post+CoreDataProperties.swift */ = {isa = PBXFileReference; lastKnownFileType = sourcecode.swift; path = "Post+CoreDataProperties.swift"; sourceTree = "<group>"; };
		B61CACCC22D3AE480023F121 /* Post.swift */ = {isa = PBXFileReference; lastKnownFileType = sourcecode.swift; path = Post.swift; sourceTree = "<group>"; };
		B61CACCF22D3AE970023F121 /* CoreData.framework */ = {isa = PBXFileReference; lastKnownFileType = wrapper.framework; name = CoreData.framework; path = System/Library/Frameworks/CoreData.framework; sourceTree = SDKROOT; };
		B61CACD122D3AEB00023F121 /* Default-568h@2x.png */ = {isa = PBXFileReference; lastKnownFileType = image.png; path = "Default-568h@2x.png"; sourceTree = "<group>"; };
		B61CACD422D3B01A0023F121 /* RedditDataBase.xcdatamodel */ = {isa = PBXFileReference; lastKnownFileType = wrapper.xcdatamodel; path = RedditDataBase.xcdatamodel; sourceTree = "<group>"; };
		B61CACD722D3B0E30023F121 /* PersistenceError.swift */ = {isa = PBXFileReference; lastKnownFileType = sourcecode.swift; path = PersistenceError.swift; sourceTree = "<group>"; };
/* End PBXFileReference section */

/* Begin PBXFrameworksBuildPhase section */
		B61CAC7922D39F310023F121 /* Frameworks */ = {
			isa = PBXFrameworksBuildPhase;
			buildActionMask = 2147483647;
			files = (
			);
			runOnlyForDeploymentPostprocessing = 0;
		};
/* End PBXFrameworksBuildPhase section */

/* Begin PBXGroup section */
		B61CAC7322D39F310023F121 = {
			isa = PBXGroup;
			children = (
				B61CAC7E22D39F310023F121 /* TestProject */,
				B61CAC7D22D39F310023F121 /* Products */,
				B61CACCE22D3AE960023F121 /* Frameworks */,
			);
			sourceTree = "<group>";
		};
		B61CAC7D22D39F310023F121 /* Products */ = {
			isa = PBXGroup;
			children = (
				B61CAC7C22D39F310023F121 /* TestProject.app */,
			);
			name = Products;
			sourceTree = "<group>";
		};
		B61CAC7E22D39F310023F121 /* TestProject */ = {
			isa = PBXGroup;
			children = (
				B61CAC9122D3A0020023F121 /* Classes */,
				B61CAC9222D3A02B0023F121 /* Resources */,
				B61CAC9322D3A03A0023F121 /* Supporting Files */,
			);
			path = TestProject;
			sourceTree = "<group>";
		};
		B61CAC9122D3A0020023F121 /* Classes */ = {
			isa = PBXGroup;
			children = (
				B61CAC7F22D39F310023F121 /* AppDelegate.swift */,
				B61CAC9422D3A0610023F121 /* Common */,
				B61CACA422D3A1FF0023F121 /* Entities */,
				B61CAC9622D3A0E70023F121 /* PostDetail */,
				B61CAC9722D3A0F30023F121 /* PostList */,
			);
			path = Classes;
			sourceTree = "<group>";
		};
		B61CAC9222D3A02B0023F121 /* Resources */ = {
			isa = PBXGroup;
			children = (
				B61CACD122D3AEB00023F121 /* Default-568h@2x.png */,
				B61CAC8322D39F310023F121 /* Main.storyboard */,
				B61CAC8622D39F330023F121 /* Assets.xcassets */,
				B61CAC8822D39F330023F121 /* LaunchScreen.storyboard */,
				B61CACD322D3B01A0023F121 /* RedditDataBase.xcdatamodeld */,
			);
			path = Resources;
			sourceTree = "<group>";
		};
		B61CAC9322D3A03A0023F121 /* Supporting Files */ = {
			isa = PBXGroup;
			children = (
				B61CAC8B22D39F330023F121 /* Info.plist */,
			);
			path = "Supporting Files";
			sourceTree = "<group>";
		};
		B61CAC9422D3A0610023F121 /* Common */ = {
			isa = PBXGroup;
			children = (
				B61CACA722D3A25B0023F121 /* Endpoints.swift */,
				B61CACC822D3AB510023F121 /* CoreDataStore.swift */,
				B61CACD722D3B0E30023F121 /* PersistenceError.swift */,
			);
			path = Common;
			sourceTree = "<group>";
		};
		B61CAC9622D3A0E70023F121 /* PostDetail */ = {
			isa = PBXGroup;
			children = (
				B61CAC9A22D3A1230023F121 /* Presenter */,
				B61CAC9B22D3A1280023F121 /* Protocols */,
				B61CAC9C22D3A12D0023F121 /* View */,
				B61CAC9D22D3A1330023F121 /* WireFrame */,
			);
			path = PostDetail;
			sourceTree = "<group>";
		};
		B61CAC9722D3A0F30023F121 /* PostList */ = {
			isa = PBXGroup;
			children = (
				B61CACA322D3A1CE0023F121 /* DataManager */,
				B61CACA222D3A1CA0023F121 /* Interactor */,
				B61CACA122D3A1C60023F121 /* Presenter */,
				B61CACA022D3A1C20023F121 /* Protocols */,
				B61CAC9F22D3A1BE0023F121 /* View */,
				B61CAC9E22D3A1B80023F121 /* WireFrame */,
			);
			path = PostList;
			sourceTree = "<group>";
		};
		B61CAC9A22D3A1230023F121 /* Presenter */ = {
			isa = PBXGroup;
			children = (
				B61CACA922D3A2FC0023F121 /* PostDetailPresenter.swift */,
			);
			path = Presenter;
			sourceTree = "<group>";
		};
		B61CAC9B22D3A1280023F121 /* Protocols */ = {
			isa = PBXGroup;
			children = (
				B61CACAB22D3A3280023F121 /* PostDetailViewProtocol.swift */,
			);
			path = Protocols;
			sourceTree = "<group>";
		};
		B61CAC9C22D3A12D0023F121 /* View */ = {
			isa = PBXGroup;
			children = (
				B61CACAF22D3A3870023F121 /* PostDetailView.swift */,
			);
			path = View;
			sourceTree = "<group>";
		};
		B61CAC9D22D3A1330023F121 /* WireFrame */ = {
			isa = PBXGroup;
			children = (
				B61CACB122D3A3CB0023F121 /* PostDetailWireFrame.swift */,
			);
			path = WireFrame;
			sourceTree = "<group>";
		};
		B61CAC9E22D3A1B80023F121 /* WireFrame */ = {
			isa = PBXGroup;
			children = (
				B61CACBF22D3A8210023F121 /* PostListWireFrame.swift */,
			);
			path = WireFrame;
			sourceTree = "<group>";
		};
		B61CAC9F22D3A1BE0023F121 /* View */ = {
			isa = PBXGroup;
			children = (
				B61CACBB22D3A79D0023F121 /* PostListView.swift */,
				B61CACBD22D3A7AB0023F121 /* PostTableViewCell.swift */,
			);
			path = View;
			sourceTree = "<group>";
		};
		B61CACA022D3A1C20023F121 /* Protocols */ = {
			isa = PBXGroup;
			children = (
				B61CACB922D3A7620023F121 /* PostListProtocols.swift */,
			);
			path = Protocols;
			sourceTree = "<group>";
		};
		B61CACA122D3A1C60023F121 /* Presenter */ = {
			isa = PBXGroup;
			children = (
				B61CACB722D3A73C0023F121 /* PostListPresenter.swift */,
			);
			path = Presenter;
			sourceTree = "<group>";
		};
		B61CACA222D3A1CA0023F121 /* Interactor */ = {
			isa = PBXGroup;
			children = (
				B61CACB522D3A6F10023F121 /* PostListInteractor.swift */,
			);
			path = Interactor;
			sourceTree = "<group>";
		};
		B61CACA322D3A1CE0023F121 /* DataManager */ = {
			isa = PBXGroup;
			children = (
				B61CACC322D3AAF30023F121 /* Local */,
				B61CACC422D3AAFA0023F121 /* Remote */,
			);
			path = DataManager;
			sourceTree = "<group>";
		};
		B61CACA422D3A1FF0023F121 /* Entities */ = {
			isa = PBXGroup;
			children = (
				B61CACCC22D3AE480023F121 /* Post.swift */,
				B61CACCA22D3AE270023F121 /* Post+CoreDataProperties.swift */,
				B61CACAD22D3A3590023F121 /* PostModel.swift */,
			);
			path = Entities;
			sourceTree = "<group>";
		};
		B61CACC322D3AAF30023F121 /* Local */ = {
			isa = PBXGroup;
			children = (
				B61CACC522D3AB160023F121 /* PostListLocalDataManager.swift */,
			);
			path = Local;
			sourceTree = "<group>";
		};
		B61CACC422D3AAFA0023F121 /* Remote */ = {
			isa = PBXGroup;
			children = (
				B61CACC122D3AA130023F121 /* PostListRemoteDataManager.swift */,
			);
			path = Remote;
			sourceTree = "<group>";
		};
		B61CACCE22D3AE960023F121 /* Frameworks */ = {
			isa = PBXGroup;
			children = (
				B61CACCF22D3AE970023F121 /* CoreData.framework */,
			);
			name = Frameworks;
			sourceTree = "<group>";
		};
/* End PBXGroup section */

/* Begin PBXNativeTarget section */
		B61CAC7B22D39F310023F121 /* TestProject */ = {
			isa = PBXNativeTarget;
			buildConfigurationList = B61CAC8E22D39F330023F121 /* Build configuration list for PBXNativeTarget "TestProject" */;
			buildPhases = (
				B61CAC7822D39F310023F121 /* Sources */,
				B61CAC7922D39F310023F121 /* Frameworks */,
				B61CAC7A22D39F310023F121 /* Resources */,
			);
			buildRules = (
			);
			dependencies = (
			);
			name = TestProject;
			productName = TestProject;
			productReference = B61CAC7C22D39F310023F121 /* TestProject.app */;
			productType = "com.apple.product-type.application";
		};
/* End PBXNativeTarget section */

/* Begin PBXProject section */
		B61CAC7422D39F310023F121 /* Project object */ = {
			isa = PBXProject;
			attributes = {
				LastSwiftUpdateCheck = 1020;
				LastUpgradeCheck = 1020;
				ORGANIZATIONNAME = Test;
				TargetAttributes = {
					B61CAC7B22D39F310023F121 = {
						CreatedOnToolsVersion = 10.2.1;
					};
				};
			};
			buildConfigurationList = B61CAC7722D39F310023F121 /* Build configuration list for PBXProject "TestProject" */;
			compatibilityVersion = "Xcode 9.3";
			developmentRegion = en;
			hasScannedForEncodings = 0;
			knownRegions = (
				en,
				Base,
			);
			mainGroup = B61CAC7322D39F310023F121;
			productRefGroup = B61CAC7D22D39F310023F121 /* Products */;
			projectDirPath = "";
			projectRoot = "";
			targets = (
				B61CAC7B22D39F310023F121 /* TestProject */,
			);
		};
/* End PBXProject section */

/* Begin PBXResourcesBuildPhase section */
		B61CAC7A22D39F310023F121 /* Resources */ = {
			isa = PBXResourcesBuildPhase;
			buildActionMask = 2147483647;
			files = (
				B61CAC8A22D39F330023F121 /* LaunchScreen.storyboard in Resources */,
				B61CACD222D3AEB00023F121 /* Default-568h@2x.png in Resources */,
				B61CAC8722D39F330023F121 /* Assets.xcassets in Resources */,
				B61CAC8522D39F310023F121 /* Main.storyboard in Resources */,
			);
			runOnlyForDeploymentPostprocessing = 0;
		};
/* End PBXResourcesBuildPhase section */

/* Begin PBXSourcesBuildPhase section */
		B61CAC7822D39F310023F121 /* Sources */ = {
			isa = PBXSourcesBuildPhase;
			buildActionMask = 2147483647;
			files = (
				B61CACB622D3A6F10023F121 /* PostListInteractor.swift in Sources */,
				B61CACBA22D3A7620023F121 /* PostListProtocols.swift in Sources */,
				B61CACA822D3A25B0023F121 /* Endpoints.swift in Sources */,
				B61CACAE22D3A3590023F121 /* PostModel.swift in Sources */,
				B61CACAC22D3A3280023F121 /* PostDetailViewProtocol.swift in Sources */,
				B61CACBC22D3A79D0023F121 /* PostListView.swift in Sources */,
				B61CACB022D3A3870023F121 /* PostDetailView.swift in Sources */,
				B61CACD822D3B0E30023F121 /* PersistenceError.swift in Sources */,
				B61CACC222D3AA130023F121 /* PostListRemoteDataManager.swift in Sources */,
				B61CAC8022D39F310023F121 /* AppDelegate.swift in Sources */,
				B61CACB222D3A3CB0023F121 /* PostDetailWireFrame.swift in Sources */,
				B61CACAA22D3A2FC0023F121 /* PostDetailPresenter.swift in Sources */,
				B61CACD622D3B0740023F121 /* RedditDataBase.xcdatamodeld in Sources */,
				B61CACDA22D3B1A80023F121 /* Post+CoreDataProperties.swift in Sources */,
				B61CACC022D3A8210023F121 /* PostListWireFrame.swift in Sources */,
				B61CACB822D3A73C0023F121 /* PostListPresenter.swift in Sources */,
				B61CACBE22D3A7AB0023F121 /* PostTableViewCell.swift in Sources */,
				B61CACCD22D3AE480023F121 /* Post.swift in Sources */,
				B61CACC922D3AB510023F121 /* CoreDataStore.swift in Sources */,
				B61CACC622D3AB160023F121 /* PostListLocalDataManager.swift in Sources */,
			);
			runOnlyForDeploymentPostprocessing = 0;
		};
/* End PBXSourcesBuildPhase section */

/* Begin PBXVariantGroup section */
		B61CAC8322D39F310023F121 /* Main.storyboard */ = {
			isa = PBXVariantGroup;
			children = (
				B61CAC8422D39F310023F121 /* Base */,
			);
			name = Main.storyboard;
			sourceTree = "<group>";
		};
		B61CAC8822D39F330023F121 /* LaunchScreen.storyboard */ = {
			isa = PBXVariantGroup;
			children = (
				B61CAC8922D39F330023F121 /* Base */,
			);
			name = LaunchScreen.storyboard;
			sourceTree = "<group>";
		};
/* End PBXVariantGroup section */

/* Begin XCBuildConfiguration section */
		B61CAC8C22D39F330023F121 /* Debug */ = {
			isa = XCBuildConfiguration;
			buildSettings = {
				ALWAYS_SEARCH_USER_PATHS = NO;
				CLANG_ANALYZER_NONNULL = YES;
				CLANG_ANALYZER_NUMBER_OBJECT_CONVERSION = YES_AGGRESSIVE;
				CLANG_CXX_LANGUAGE_STANDARD = "gnu++14";
				CLANG_CXX_LIBRARY = "libc++";
				CLANG_ENABLE_MODULES = YES;
				CLANG_ENABLE_OBJC_ARC = YES;
				CLANG_ENABLE_OBJC_WEAK = YES;
				CLANG_WARN_BLOCK_CAPTURE_AUTORELEASING = YES;
				CLANG_WARN_BOOL_CONVERSION = YES;
				CLANG_WARN_COMMA = YES;
				CLANG_WARN_CONSTANT_CONVERSION = YES;
				CLANG_WARN_DEPRECATED_OBJC_IMPLEMENTATIONS = YES;
				CLANG_WARN_DIRECT_OBJC_ISA_USAGE = YES_ERROR;
				CLANG_WARN_DOCUMENTATION_COMMENTS = YES;
				CLANG_WARN_EMPTY_BODY = YES;
				CLANG_WARN_ENUM_CONVERSION = YES;
				CLANG_WARN_INFINITE_RECURSION = YES;
				CLANG_WARN_INT_CONVERSION = YES;
				CLANG_WARN_NON_LITERAL_NULL_CONVERSION = YES;
				CLANG_WARN_OBJC_IMPLICIT_RETAIN_SELF = YES;
				CLANG_WARN_OBJC_LITERAL_CONVERSION = YES;
				CLANG_WARN_OBJC_ROOT_CLASS = YES_ERROR;
				CLANG_WARN_RANGE_LOOP_ANALYSIS = YES;
				CLANG_WARN_STRICT_PROTOTYPES = YES;
				CLANG_WARN_SUSPICIOUS_MOVE = YES;
				CLANG_WARN_UNGUARDED_AVAILABILITY = YES_AGGRESSIVE;
				CLANG_WARN_UNREACHABLE_CODE = YES;
				CLANG_WARN__DUPLICATE_METHOD_MATCH = YES;
				CODE_SIGN_IDENTITY = "iPhone Developer";
				COPY_PHASE_STRIP = NO;
				DEBUG_INFORMATION_FORMAT = dwarf;
				ENABLE_STRICT_OBJC_MSGSEND = YES;
				ENABLE_TESTABILITY = YES;
				GCC_C_LANGUAGE_STANDARD = gnu11;
				GCC_DYNAMIC_NO_PIC = NO;
				GCC_NO_COMMON_BLOCKS = YES;
				GCC_OPTIMIZATION_LEVEL = 0;
				GCC_PREPROCESSOR_DEFINITIONS = (
					"DEBUG=1",
					"$(inherited)",
				);
				GCC_WARN_64_TO_32_BIT_CONVERSION = YES;
				GCC_WARN_ABOUT_RETURN_TYPE = YES_ERROR;
				GCC_WARN_UNDECLARED_SELECTOR = YES;
				GCC_WARN_UNINITIALIZED_AUTOS = YES_AGGRESSIVE;
				GCC_WARN_UNUSED_FUNCTION = YES;
				GCC_WARN_UNUSED_VARIABLE = YES;
				IPHONEOS_DEPLOYMENT_TARGET = 12.2;
				MTL_ENABLE_DEBUG_INFO = INCLUDE_SOURCE;
				MTL_FAST_MATH = YES;
				ONLY_ACTIVE_ARCH = YES;
				SDKROOT = iphoneos;
				SWIFT_ACTIVE_COMPILATION_CONDITIONS = DEBUG;
				SWIFT_OPTIMIZATION_LEVEL = "-Onone";
			};
			name = Debug;
		};
		B61CAC8D22D39F330023F121 /* Release */ = {
			isa = XCBuildConfiguration;
			buildSettings = {
				ALWAYS_SEARCH_USER_PATHS = NO;
				CLANG_ANALYZER_NONNULL = YES;
				CLANG_ANALYZER_NUMBER_OBJECT_CONVERSION = YES_AGGRESSIVE;
				CLANG_CXX_LANGUAGE_STANDARD = "gnu++14";
				CLANG_CXX_LIBRARY = "libc++";
				CLANG_ENABLE_MODULES = YES;
				CLANG_ENABLE_OBJC_ARC = YES;
				CLANG_ENABLE_OBJC_WEAK = YES;
				CLANG_WARN_BLOCK_CAPTURE_AUTORELEASING = YES;
				CLANG_WARN_BOOL_CONVERSION = YES;
				CLANG_WARN_COMMA = YES;
				CLANG_WARN_CONSTANT_CONVERSION = YES;
				CLANG_WARN_DEPRECATED_OBJC_IMPLEMENTATIONS = YES;
				CLANG_WARN_DIRECT_OBJC_ISA_USAGE = YES_ERROR;
				CLANG_WARN_DOCUMENTATION_COMMENTS = YES;
				CLANG_WARN_EMPTY_BODY = YES;
				CLANG_WARN_ENUM_CONVERSION = YES;
				CLANG_WARN_INFINITE_RECURSION = YES;
				CLANG_WARN_INT_CONVERSION = YES;
				CLANG_WARN_NON_LITERAL_NULL_CONVERSION = YES;
				CLANG_WARN_OBJC_IMPLICIT_RETAIN_SELF = YES;
				CLANG_WARN_OBJC_LITERAL_CONVERSION = YES;
				CLANG_WARN_OBJC_ROOT_CLASS = YES_ERROR;
				CLANG_WARN_RANGE_LOOP_ANALYSIS = YES;
				CLANG_WARN_STRICT_PROTOTYPES = YES;
				CLANG_WARN_SUSPICIOUS_MOVE = YES;
				CLANG_WARN_UNGUARDED_AVAILABILITY = YES_AGGRESSIVE;
				CLANG_WARN_UNREACHABLE_CODE = YES;
				CLANG_WARN__DUPLICATE_METHOD_MATCH = YES;
				CODE_SIGN_IDENTITY = "iPhone Developer";
				COPY_PHASE_STRIP = NO;
				DEBUG_INFORMATION_FORMAT = "dwarf-with-dsym";
				ENABLE_NS_ASSERTIONS = NO;
				ENABLE_STRICT_OBJC_MSGSEND = YES;
				GCC_C_LANGUAGE_STANDARD = gnu11;
				GCC_NO_COMMON_BLOCKS = YES;
				GCC_WARN_64_TO_32_BIT_CONVERSION = YES;
				GCC_WARN_ABOUT_RETURN_TYPE = YES_ERROR;
				GCC_WARN_UNDECLARED_SELECTOR = YES;
				GCC_WARN_UNINITIALIZED_AUTOS = YES_AGGRESSIVE;
				GCC_WARN_UNUSED_FUNCTION = YES;
				GCC_WARN_UNUSED_VARIABLE = YES;
				IPHONEOS_DEPLOYMENT_TARGET = 12.2;
				MTL_ENABLE_DEBUG_INFO = NO;
				MTL_FAST_MATH = YES;
				SDKROOT = iphoneos;
				SWIFT_COMPILATION_MODE = wholemodule;
				SWIFT_OPTIMIZATION_LEVEL = "-O";
				VALIDATE_PRODUCT = YES;
			};
			name = Release;
		};
		B61CAC8F22D39F330023F121 /* Debug */ = {
			isa = XCBuildConfiguration;
			buildSettings = {
				ASSETCATALOG_COMPILER_APPICON_NAME = AppIcon;
				CODE_SIGN_STYLE = Automatic;
				DEVELOPMENT_TEAM = EG2PM8U6R9;
				INFOPLIST_FILE = "$(SRCROOT)/TestProject/Supporting Files/Info.plist";
				LD_RUNPATH_SEARCH_PATHS = (
					"$(inherited)",
					"@executable_path/Frameworks",
				);
				PRODUCT_BUNDLE_IDENTIFIER = Test.TestProject;
				PRODUCT_NAME = "$(TARGET_NAME)";
				SWIFT_VERSION = 5.0;
				TARGETED_DEVICE_FAMILY = 1;
			};
			name = Debug;
		};
		B61CAC9022D39F330023F121 /* Release */ = {
			isa = XCBuildConfiguration;
			buildSettings = {
				ASSETCATALOG_COMPILER_APPICON_NAME = AppIcon;
				CODE_SIGN_STYLE = Automatic;
				DEVELOPMENT_TEAM = EG2PM8U6R9;
				INFOPLIST_FILE = "$(SRCROOT)/TestProject/Supporting Files/Info.plist";
				LD_RUNPATH_SEARCH_PATHS = (
					"$(inherited)",
					"@executable_path/Frameworks",
				);
				PRODUCT_BUNDLE_IDENTIFIER = Test.TestProject;
				PRODUCT_NAME = "$(TARGET_NAME)";
				SWIFT_VERSION = 5.0;
				TARGETED_DEVICE_FAMILY = 1;
			};
			name = Release;
		};
/* End XCBuildConfiguration section */

/* Begin XCConfigurationList section */
		B61CAC7722D39F310023F121 /* Build configuration list for PBXProject "TestProject" */ = {
			isa = XCConfigurationList;
			buildConfigurations = (
				B61CAC8C22D39F330023F121 /* Debug */,
				B61CAC8D22D39F330023F121 /* Release */,
			);
			defaultConfigurationIsVisible = 0;
			defaultConfigurationName = Release;
		};
		B61CAC8E22D39F330023F121 /* Build configuration list for PBXNativeTarget "TestProject" */ = {
			isa = XCConfigurationList;
			buildConfigurations = (
				B61CAC8F22D39F330023F121 /* Debug */,
				B61CAC9022D39F330023F121 /* Release */,
			);
			defaultConfigurationIsVisible = 0;
			defaultConfigurationName = Release;
		};
/* End XCConfigurationList section */

/* Begin XCVersionGroup section */
		B61CACD322D3B01A0023F121 /* RedditDataBase.xcdatamodeld */ = {
			isa = XCVersionGroup;
			children = (
				B61CACD422D3B01A0023F121 /* RedditDataBase.xcdatamodel */,
			);
			currentVersion = B61CACD422D3B01A0023F121 /* RedditDataBase.xcdatamodel */;
			path = RedditDataBase.xcdatamodeld;
			sourceTree = "<group>";
			versionGroupType = wrapper.xcdatamodel;
		};
/* End XCVersionGroup section */
	};
	rootObject = B61CAC7422D39F310023F121 /* Project object */;
}
